schema: '2.0'
stages:
  ingest:
    cmd: uv run python src/data/ingest.py
    deps:
    - path: src/data/ingest.py
      hash: md5
      md5: 29074d67e207ccaa92bd0edfc4c9aa96
      size: 1951
    params:
      params.yaml:
        ingest.num_records: 10000
        ingest.random_seed: 42
        ingest.user_id_max: 1050
        ingest.user_id_min: 1000
    outs:
    - path: data/raw/credit_transactions.parquet
      hash: md5
      md5: 83b1b732b37d09e2c230fa9979595b07
      size: 235926
  materialize_features:
    cmd: uv run python src/features/materialize.py
    deps:
    - path: data/raw/credit_transactions.parquet
      hash: md5
      md5: 83b1b732b37d09e2c230fa9979595b07
      size: 235926
    - path: src/features/feature_store.yaml
      hash: md5
      md5: a21f1bee185811fe1820f03eb54ad128
      size: 208
    - path: src/features/materialize.py
      hash: md5
      md5: 3fd0e07b9e702e7cb582d4c572182788
      size: 850
    - path: src/features/schema.py
      hash: md5
      md5: 5ba9d37d141d5021051abe0423327b7a
      size: 1131
  build_training_features:
    cmd: uv run python src/features/build_training_data.py
    deps:
    - path: data/raw/credit_transactions.parquet
      hash: md5
      md5: 83b1b732b37d09e2c230fa9979595b07
      size: 235926
    - path: src/features/build_training_data.py
      hash: md5
      md5: bd9c13308224d7e0ce87d57604a9a970
      size: 1770
    - path: src/features/schema.py
      hash: md5
      md5: 5ba9d37d141d5021051abe0423327b7a
      size: 1131
    params:
      params.yaml:
        features.lookback_days: 30
    outs:
    - path: data/processed/train_features.parquet
      hash: md5
      md5: b924ea483e718c2875e2ede15a49e7f7
      size: 208729
  validate_data:
    cmd: uv run pytest tests/test_data_quality.py
    deps:
    - path: data/processed/train_features.parquet
      hash: md5
      md5: b924ea483e718c2875e2ede15a49e7f7
      size: 208729
    - path: src/features/data_validation.py
      hash: md5
      md5: fe0e8dcc97cc1fb638d34c8a9c9433f7
      size: 1137
    - path: tests/test_data_quality.py
      hash: md5
      md5: 903fdf48c9cd00637511a63834492098
      size: 1395
  train:
    cmd: uv run python src/models/train.py
    deps:
    - path: data/processed/train_features.parquet
      hash: md5
      md5: b924ea483e718c2875e2ede15a49e7f7
      size: 208729
    - path: src/models/train.py
      hash: md5
      md5: 1143d9fe411f145bfccb3580c23ff659
      size: 4752
    params:
      params.yaml:
        train.learning_rate: 0.05
        train.max_depth: 4
        train.n_estimators: 100
        train.random_state: 42
        train.scale_pos_weight: 9.0
        train.subsample: 0.8
        train.test_size: 0.2
    outs:
    - path: models/model.json
      hash: md5
      md5: fb93291b331e269c6703059bcd6e9016
      size: 190426
    - path: reports/metrics.json
      hash: md5
      md5: e5ec1928506e9e15b08271b733643ca4
      size: 192
  export_onnx:
    cmd: uv run python src/models/export_onnx.py
    deps:
    - path: models/model.json
      hash: md5
      md5: fb93291b331e269c6703059bcd6e9016
      size: 190426
    - path: src/models/export_onnx.py
      hash: md5
      md5: 17efc225b03d0a72740c7d8822d7311c
      size: 1747
    outs:
    - path: models/model.onnx
      hash: md5
      md5: 525222cef7afd2f96e98d2bd601a8e55
      size: 83014
  register_model:
    cmd: uv run python src/models/register_model.py
    deps:
    - path: reports/metrics.json
      hash: md5
      md5: e5ec1928506e9e15b08271b733643ca4
      size: 192
    - path: src/models/register_model.py
      hash: md5
      md5: d61689ed5e069e4b42a65bf4837e1c0f
      size: 2254
